
Microsoft Visual Studio Solution File, Format Version 12.00
# Visual Studio Version 17
VisualStudioVersion = 17.1.32210.238
MinimumVisualStudioVersion = 10.0.40219.1
Project("{FAE04EC0-301F-11D3-BF4B-00C04F79EFBC}") = "LoginSignUpAPI", "LoginSignUpAPI\LoginSignUpAPI.csproj", "{6D929C57-9D44-4877-929C-E2614007682F}"
EndProject
Global
	GlobalSection(SolutionConfigurationPlatforms) = preSolution
		Debug|Any CPU = Debug|Any CPU
		Release|Any CPU = Release|Any CPU
	EndGlobalSection
	GlobalSection(ProjectConfigurationPlatforms) = postSolution
		{6D929C57-9D44-4877-929C-E2614007682F}.Debug|Any CPU.ActiveCfg = Debug|Any CPU
		{6D929C57-9D44-4877-929C-E2614007682F}.Debug|Any CPU.Build.0 = Debug|Any CPU
		{6D929C57-9D44-4877-929C-E2614007682F}.Release|Any CPU.ActiveCfg = Release|Any CPU
		{6D929C57-9D44-4877-929C-E2614007682F}.Release|Any CPU.Build.0 = Release|Any CPU
	EndGlobalSection
	GlobalSection(SolutionProperties) = preSolution
		HideSolutionNode = FALSE
	EndGlobalSection
	GlobalSection(ExtensibilityGlobals) = postSolution
		SolutionGuid = {59C8F694-C37E-4D15-92C9-35B31ECD8269}
	EndGlobalSection
EndGlobal
